
Microsoft Visual Studio Solution File, Format Version 12.00
# Visual Studio Version 17
VisualStudioVersion = 17.9.34616.47
MinimumVisualStudioVersion = 10.0.40219.1
Project("{FAE04EC0-301F-11D3-BF4B-00C04F79EFBC}") = "AtmApp", "AtmApp\AtmApp.csproj", "{5855DA28-AE8E-40C9-8F7F-B1B041194226}"
EndProject
Global
	GlobalSection(SolutionConfigurationPlatforms) = preSolution
		Debug|Any CPU = Debug|Any CPU
		Release|Any CPU = Release|Any CPU
	EndGlobalSection
	GlobalSection(ProjectConfigurationPlatforms) = postSolution
		{5855DA28-AE8E-40C9-8F7F-B1B041194226}.Debug|Any CPU.ActiveCfg = Debug|Any CPU
		{5855DA28-AE8E-40C9-8F7F-B1B041194226}.Debug|Any CPU.Build.0 = Debug|Any CPU
		{5855DA28-AE8E-40C9-8F7F-B1B041194226}.Release|Any CPU.ActiveCfg = Release|Any CPU
		{5855DA28-AE8E-40C9-8F7F-B1B041194226}.Release|Any CPU.Build.0 = Release|Any CPU
	EndGlobalSection
	GlobalSection(SolutionProperties) = preSolution
		HideSolutionNode = FALSE
	EndGlobalSection
	GlobalSection(ExtensibilityGlobals) = postSolution
		SolutionGuid = {4981EDC4-023A-43FA-BD38-E80E66487425}
	EndGlobalSection
EndGlobal
